{
  "projects": [
    {
      "projectId": "seaQhLVS4bbjiGvJJrRwyL",
      "version": "15.0.3",
      "dependencies": {},
      "lang": "ts",
      "fileLocks": [
        {
          "assetId": "seaQhLVS4bbjiGvJJrRwyL",
          "type": "projectCss",
          "checksum": "49ed387a658d5ef4383161b109a3cd3c"
        },
        {
          "assetId": "seaQhLVS4bbjiGvJJrRwyL",
          "checksum": "c0cabfed69de67ae4ae2e5d0981abbc6",
          "type": "projectModule"
        },
        {
          "assetId": "seaQhLVS4bbjiGvJJrRwyL",
          "checksum": "403e7622346cce713ab0bf83535b399e",
          "type": "styleTokensProvider"
        }
      ],
      "codegenVersion": "0.0.3"
    },
    {
      "projectId": "wQNRfFALoZQSPmYtsM69zT",
      "version": "latest",
      "dependencies": {
        "seaQhLVS4bbjiGvJJrRwyL": "15.0.3"
      },
      "lang": "ts",
      "fileLocks": [
        {
          "type": "globalVariant",
          "assetId": "PPre1mV5344S",
          "checksum": "d7e6742f8fd1f516dc4d166fb123657c"
        },
        {
          "assetId": "wQNRfFALoZQSPmYtsM69zT",
          "type": "projectCss",
          "checksum": "29af00775348dc5390d9a1d2b574115d"
        },
        {
          "assetId": "wQNRfFALoZQSPmYtsM69zT",
          "checksum": "541ca60809f9f30bbf7c3b11d4054c23",
          "type": "projectModule"
        },
        {
          "assetId": "wQNRfFALoZQSPmYtsM69zT",
          "checksum": "1e11f797f2b10527d7146f8cb0362318",
          "type": "styleTokensProvider"
        },
        {
          "type": "renderModule",
          "assetId": "V9VbBWU7g-Hl",
          "checksum": "46c626a63f2348f8bde03c85c7cc3538"
        },
        {
          "type": "cssRules",
          "assetId": "V9VbBWU7g-Hl",
          "checksum": "46c626a63f2348f8bde03c85c7cc3538"
        },
        {
          "type": "renderModule",
          "assetId": "pahrlf8xG2dn",
          "checksum": "57e7ea0b057d3d4db2c656ade22e12d4"
        },
        {
          "type": "cssRules",
          "assetId": "pahrlf8xG2dn",
          "checksum": "57e7ea0b057d3d4db2c656ade22e12d4"
        },
        {
          "type": "renderModule",
          "assetId": "rAfdTEScWh_M",
          "checksum": "08ac79176969a04252abf4fb34c6c389"
        },
        {
          "type": "cssRules",
          "assetId": "rAfdTEScWh_M",
          "checksum": "08ac79176969a04252abf4fb34c6c389"
        },
        {
          "type": "renderModule",
          "assetId": "tCReKSCeVQUb",
          "checksum": "4fc8e4b03fbd861e11cd7a659c59eb7f"
        },
        {
          "type": "cssRules",
          "assetId": "tCReKSCeVQUb",
          "checksum": "4fc8e4b03fbd861e11cd7a659c59eb7f"
        },
        {
          "type": "renderModule",
          "assetId": "7_1DpHr26peZ",
          "checksum": "c5ab5c47a7c45fa294096fc8a80547db"
        },
        {
          "type": "cssRules",
          "assetId": "7_1DpHr26peZ",
          "checksum": "c5ab5c47a7c45fa294096fc8a80547db"
        },
        {
          "type": "renderModule",
          "assetId": "ihuGpa9APZtk",
          "checksum": "63bf5456b4cc757397d623341b0f050f"
        },
        {
          "type": "cssRules",
          "assetId": "ihuGpa9APZtk",
          "checksum": "63bf5456b4cc757397d623341b0f050f"
        },
        {
          "type": "renderModule",
          "assetId": "glVlAsquub51",
          "checksum": "b43c036c5d93d2677218bcea3203c5e0"
        },
        {
          "type": "cssRules",
          "assetId": "glVlAsquub51",
          "checksum": "b43c036c5d93d2677218bcea3203c5e0"
        },
        {
          "type": "renderModule",
          "assetId": "4Y8qhcHnK_fd",
          "checksum": "9dc2337b464e540caeae6563ebe2d877"
        },
        {
          "type": "cssRules",
          "assetId": "4Y8qhcHnK_fd",
          "checksum": "9dc2337b464e540caeae6563ebe2d877"
        },
        {
          "type": "renderModule",
          "assetId": "Gz1RQmJMJy3A",
          "checksum": "d9e224ebc01bc79c49a120ada313c88e"
        },
        {
          "type": "cssRules",
          "assetId": "Gz1RQmJMJy3A",
          "checksum": "d9e224ebc01bc79c49a120ada313c88e"
        },
        {
          "type": "renderModule",
          "assetId": "m1KhzMUisPmO",
          "checksum": "57d1b99e684bdda792060bb85f22980d"
        },
        {
          "type": "cssRules",
          "assetId": "m1KhzMUisPmO",
          "checksum": "57d1b99e684bdda792060bb85f22980d"
        },
        {
          "type": "renderModule",
          "assetId": "PPq3WkrV0yIr",
          "checksum": "949441535e5ca492d71a7c25e4467e7f"
        },
        {
          "type": "cssRules",
          "assetId": "PPq3WkrV0yIr",
          "checksum": "949441535e5ca492d71a7c25e4467e7f"
        },
        {
          "type": "renderModule",
          "assetId": "1GWMLShLhF2v",
          "checksum": "0df8662e94e31677c968dd861e760687"
        },
        {
          "type": "cssRules",
          "assetId": "1GWMLShLhF2v",
          "checksum": "0df8662e94e31677c968dd861e760687"
        },
        {
          "type": "renderModule",
          "assetId": "wGtWS7hGhxSC",
          "checksum": "ae2d22bea1905e61343a77b82042a1f1"
        },
        {
          "type": "cssRules",
          "assetId": "wGtWS7hGhxSC",
          "checksum": "ae2d22bea1905e61343a77b82042a1f1"
        },
        {
          "type": "renderModule",
          "assetId": "h_3jCPatzKOa",
          "checksum": "34d9faa2be4f1175ae4c45fdb07fa189"
        },
        {
          "type": "cssRules",
          "assetId": "h_3jCPatzKOa",
          "checksum": "34d9faa2be4f1175ae4c45fdb07fa189"
        },
        {
          "type": "renderModule",
          "assetId": "tE5rV7PHJ-Ru",
          "checksum": "5179d9db2b08e1d930df101e812940e5"
        },
        {
          "type": "cssRules",
          "assetId": "tE5rV7PHJ-Ru",
          "checksum": "5179d9db2b08e1d930df101e812940e5"
        },
        {
          "type": "renderModule",
          "assetId": "kvS-XVfdCRpI",
          "checksum": "faed69fc72a5e915b88c0aeb8dac78be"
        },
        {
          "type": "cssRules",
          "assetId": "kvS-XVfdCRpI",
          "checksum": "faed69fc72a5e915b88c0aeb8dac78be"
        },
        {
          "type": "renderModule",
          "assetId": "NZx1vNS3nMuD",
          "checksum": "1dc4306c08425fffc3be1b0d68550df2"
        },
        {
          "type": "cssRules",
          "assetId": "NZx1vNS3nMuD",
          "checksum": "1dc4306c08425fffc3be1b0d68550df2"
        },
        {
          "type": "icon",
          "assetId": "_PpL2lxMWawY",
          "checksum": "a7e7a206a40418a36350248e5267a3c0"
        },
        {
          "type": "icon",
          "assetId": "N36YayPkDThA",
          "checksum": "60bbdfa587a9cd47d03fcb2d5726ebeb"
        },
        {
          "type": "icon",
          "assetId": "jO9husRr1Est",
          "checksum": "3f82022c156754c8e40887fb45cd4505"
        },
        {
          "type": "icon",
          "assetId": "xDm7ERGK0_cq",
          "checksum": "0d385e97bb75a72b2cfeff75b21ad77d"
        },
        {
          "type": "icon",
          "assetId": "OBRskx6zXPWr",
          "checksum": "f87011035b2bcc56a51f8ff4c43452cf"
        },
        {
          "type": "icon",
          "assetId": "2RnDA3RVmkik",
          "checksum": "729d9b8de488718b9cb3d5cd45258f17"
        },
        {
          "type": "icon",
          "assetId": "zU7AgkNoo3Fp",
          "checksum": "f5c76cf2306db5779a202a78ac404086"
        },
        {
          "type": "icon",
          "assetId": "U1f2K_azUQL8",
          "checksum": "931ff32a8d73489bcb6d2e66ea77eb20"
        },
        {
          "type": "icon",
          "assetId": "LpLRNuugAfKJ",
          "checksum": "7f2a65af0332b0ef05a254ca803d9f95"
        },
        {
          "type": "icon",
          "assetId": "z1oA5xSq7Dfg",
          "checksum": "b599334a7619413e09bd5c6ee66646be"
        },
        {
          "type": "icon",
          "assetId": "mHkzZ3Ns2dLK",
          "checksum": "3d4a6c369a3bd9167662a02342d627e2"
        },
        {
          "type": "icon",
          "assetId": "9BLu4CVP35n9",
          "checksum": "9a31a5633990b5db49d61797f98e905f"
        },
        {
          "type": "icon",
          "assetId": "7uRmWim8kdqk",
          "checksum": "4965998bd1369efae1750220298adbba"
        },
        {
          "type": "icon",
          "assetId": "ePSaDb32TtHZ",
          "checksum": "37af589e7946d4dd1d0af7532382f90d"
        },
        {
          "type": "icon",
          "assetId": "novmJvqL3uHv",
          "checksum": "4346954f63f87a352bf5835044f97325"
        },
        {
          "type": "icon",
          "assetId": "ZkGqTf5ife3V",
          "checksum": "05d7cef3e9ea72ec0ac8c1e8e4b28794"
        },
        {
          "type": "icon",
          "assetId": "vWS1MBkbCPDl",
          "checksum": "b44556385481d99b8d7603e7605c4911"
        },
        {
          "type": "icon",
          "assetId": "227ybuluOFou",
          "checksum": "42c6365074642995c6d4c432721cdadc"
        },
        {
          "type": "icon",
          "assetId": "22jo7YAned1d",
          "checksum": "9374393d0dcdbf91b809e4ee47b27eaf"
        },
        {
          "type": "icon",
          "assetId": "PawmUkrzNReQ",
          "checksum": "bd8f535a320f8daf0d3b9c4db1966c07"
        },
        {
          "type": "icon",
          "assetId": "5xm6mVEyrK4s",
          "checksum": "ce6676ea99ca6a64b935f08193175d3f"
        },
        {
          "type": "icon",
          "assetId": "tuojWuAxKrx3",
          "checksum": "b7cd535bc8cbe8ed774b9d9b92e9003f"
        },
        {
          "type": "image",
          "assetId": "GEc3rdOjb_YL",
          "checksum": "a929681b9a462b35fb692fd4f9ccda16"
        },
        {
          "type": "image",
          "assetId": "4GQSIF2zWa0f",
          "checksum": "a830d5bb02562a11ed912b0085a961e8"
        },
        {
          "type": "image",
          "assetId": "j7BUEoF_Ba73",
          "checksum": "76fc5d38044752cb94d291187be4e3b3"
        },
        {
          "type": "image",
          "assetId": "MGGF1zEmD0YQ",
          "checksum": "dc10db1cede38dc6d4dde499341920ae"
        }
      ],
      "codegenVersion": "0.0.3"
    }
  ],
  "cliVersion": "0.1.359"
}
